
Microsoft Visual Studio Solution File, Format Version 12.00
# Visual Studio Version 16
VisualStudioVersion = 16.0.35706.149
MinimumVisualStudioVersion = 10.0.40219.1
Project("{F2A71F9B-5D33-465A-A702-920D77279786}") = "lab 4 F", "lab 4 F\lab 4 F.fsproj", "{DCEC2FD5-BF82-489F-9D08-A97FBC453350}"
EndProject
Global
	GlobalSection(SolutionConfigurationPlatforms) = preSolution
		Debug|Any CPU = Debug|Any CPU
		Release|Any CPU = Release|Any CPU
	EndGlobalSection
	GlobalSection(ProjectConfigurationPlatforms) = postSolution
		{DCEC2FD5-BF82-489F-9D08-A97FBC453350}.Debug|Any CPU.ActiveCfg = Debug|Any CPU
		{DCEC2FD5-BF82-489F-9D08-A97FBC453350}.Debug|Any CPU.Build.0 = Debug|Any CPU
		{DCEC2FD5-BF82-489F-9D08-A97FBC453350}.Release|Any CPU.ActiveCfg = Release|Any CPU
		{DCEC2FD5-BF82-489F-9D08-A97FBC453350}.Release|Any CPU.Build.0 = Release|Any CPU
	EndGlobalSection
	GlobalSection(SolutionProperties) = preSolution
		HideSolutionNode = FALSE
	EndGlobalSection
	GlobalSection(ExtensibilityGlobals) = postSolution
		SolutionGuid = {5626466E-A4AC-4BBA-BE95-8CA4828BB9A6}
	EndGlobalSection
EndGlobal
